<?xml version="1.0" encoding="utf-8"?>
<Project ToolsVersion="4.0" xmlns="http://schemas.microsoft.com/developer/msbuild/2003">
  <ItemGroup>
    <Filter Include="소스 파일">
      <UniqueIdentifier>{4FC737F1-C7A5-4376-A066-2A32D752A2FF}</UniqueIdentifier>
      <Extensions>cpp;c;cc;cxx;def;odl;idl;hpj;bat;asm;asmx</Extensions>
    </Filter>
    <Filter Include="헤더 파일">
      <UniqueIdentifier>{93995380-89BD-4b04-88EB-625FBE52EBFB}</UniqueIdentifier>
      <Extensions>h;hpp;hxx;hm;inl;inc;xsd</Extensions>
    </Filter>
    <Filter Include="리소스 파일">
      <UniqueIdentifier>{67DA6AB6-F800-4c08-8B7A-83BB121AAD01}</UniqueIdentifier>
      <Extensions>rc;ico;cur;bmp;dlg;rc2;rct;bin;rgs;gif;jpg;jpeg;jpe;resx;tiff;tif;png;wav</Extensions>
    </Filter>
  </ItemGroup>
  <ItemGroup>
    <ClCompile Include="BtnST.cpp">
      <Filter>소스 파일</Filter>
    </ClCompile>
    <ClCompile Include="CameraDisplay.cpp">
      <Filter>소스 파일</Filter>
    </ClCompile>
    <ClCompile Include="CellData.cpp">
      <Filter>소스 파일</Filter>
    </ClCompile>
    <ClCompile Include="CgDisplay.cpp">
      <Filter>소스 파일</Filter>
    </ClCompile>
    <ClCompile Include="CgIOAxt.cpp">
      <Filter>소스 파일</Filter>
    </ClCompile>
    <ClCompile Include="CgLight.cpp">
      <Filter>소스 파일</Filter>
    </ClCompile>
    <ClCompile Include="CgMulti.cpp">
      <Filter>소스 파일</Filter>
    </ClCompile>
    <ClCompile Include="CgProcess.cpp">
      <Filter>소스 파일</Filter>
    </ClCompile>
    <ClCompile Include="CgProject.cpp">
      <Filter>소스 파일</Filter>
    </ClCompile>
    <ClCompile Include="CircleFitting.cpp">
      <Filter>소스 파일</Filter>
    </ClCompile>
    <ClCompile Include="Connect.cpp">
      <Filter>소스 파일</Filter>
    </ClCompile>
    <ClCompile Include="CpuUsage.cpp">
      <Filter>소스 파일</Filter>
    </ClCompile>
    <ClCompile Include="cttext.cpp">
      <Filter>소스 파일</Filter>
    </ClCompile>
    <ClCompile Include="DlgAiView.cpp">
      <Filter>소스 파일</Filter>
    </ClCompile>
    <ClCompile Include="DlgCode.cpp">
      <Filter>소스 파일</Filter>
    </ClCompile>
    <ClCompile Include="DlgSet.cpp">
      <Filter>소스 파일</Filter>
    </ClCompile>
    <ClCompile Include="DrawBadState.cpp">
      <Filter>소스 파일</Filter>
    </ClCompile>
    <ClCompile Include="Fchain.cpp">
      <Filter>소스 파일</Filter>
    </ClCompile>
    <ClCompile Include="FindCircle.cpp">
      <Filter>소스 파일</Filter>
    </ClCompile>
    <ClCompile Include="FlyCapture2_EX.cpp">
      <Filter>소스 파일</Filter>
    </ClCompile>
    <ClCompile Include="FlyCapture2_EXDlg.cpp">
      <Filter>소스 파일</Filter>
    </ClCompile>
    <ClCompile Include="font.cpp">
      <Filter>소스 파일</Filter>
    </ClCompile>
    <ClCompile Include="FormTab1.cpp">
      <Filter>소스 파일</Filter>
    </ClCompile>
    <ClCompile Include="FormTab2.cpp">
      <Filter>소스 파일</Filter>
    </ClCompile>
    <ClCompile Include="FormTab3.cpp">
      <Filter>소스 파일</Filter>
    </ClCompile>
    <ClCompile Include="FormTab4.cpp">
      <Filter>소스 파일</Filter>
    </ClCompile>
    <ClCompile Include="FormTab5.cpp">
      <Filter>소스 파일</Filter>
    </ClCompile>
    <ClCompile Include="GigECamera.cpp">
      <Filter>소스 파일</Filter>
    </ClCompile>
    <ClCompile Include="ImageFormat.cpp">
      <Filter>소스 파일</Filter>
    </ClCompile>
    <ClCompile Include="ImagePixel.cpp">
      <Filter>소스 파일</Filter>
    </ClCompile>
    <ClCompile Include="Img.cpp">
      <Filter>소스 파일</Filter>
    </ClCompile>
    <ClCompile Include="ini.cpp">
      <Filter>소스 파일</Filter>
    </ClCompile>
    <ClCompile Include="jsoncpp.cpp">
      <Filter>소스 파일</Filter>
    </ClCompile>
    <ClCompile Include="Label1.cpp">
      <Filter>소스 파일</Filter>
    </ClCompile>
    <ClCompile Include="LightCtrlComm.cpp">
      <Filter>소스 파일</Filter>
    </ClCompile>
    <ClCompile Include="LightMap.cpp">
      <Filter>소스 파일</Filter>
    </ClCompile>
    <ClCompile Include="LoadVTECSDll.cpp">
      <Filter>소스 파일</Filter>
    </ClCompile>
    <ClCompile Include="ModelCount.cpp">
      <Filter>소스 파일</Filter>
    </ClCompile>
    <ClCompile Include="PassWord.cpp">
      <Filter>소스 파일</Filter>
    </ClCompile>
    <ClCompile Include="PatMat.cpp">
      <Filter>소스 파일</Filter>
    </ClCompile>
    <ClCompile Include="picture.cpp">
      <Filter>소스 파일</Filter>
    </ClCompile>
    <ClCompile Include="SocCom.cpp">
      <Filter>소스 파일</Filter>
    </ClCompile>
    <ClCompile Include="SocServer.cpp">
      <Filter>소스 파일</Filter>
    </ClCompile>
    <ClCompile Include="SocService.cpp">
      <Filter>소스 파일</Filter>
    </ClCompile>
    <ClCompile Include="stdafx.cpp">
      <Filter>소스 파일</Filter>
    </ClCompile>
    <ClCompile Include="WeakWeldDlg.cpp">
      <Filter>소스 파일</Filter>
    </ClCompile>
  </ItemGroup>
  <ItemGroup>
    <ClInclude Include="AXD.h">
      <Filter>헤더 파일</Filter>
    </ClInclude>
    <ClInclude Include="AXL.h">
      <Filter>헤더 파일</Filter>
    </ClInclude>
    <ClInclude Include="BtnST.h">
      <Filter>헤더 파일</Filter>
    </ClInclude>
    <ClInclude Include="CameraDisplay.h">
      <Filter>헤더 파일</Filter>
    </ClInclude>
    <ClInclude Include="CellData.h">
      <Filter>헤더 파일</Filter>
    </ClInclude>
    <ClInclude Include="CgDisplay.h">
      <Filter>헤더 파일</Filter>
    </ClInclude>
    <ClInclude Include="CgIOAxt.h">
      <Filter>헤더 파일</Filter>
    </ClInclude>
    <ClInclude Include="CgLight.h">
      <Filter>헤더 파일</Filter>
    </ClInclude>
    <ClInclude Include="CgMulti.h">
      <Filter>헤더 파일</Filter>
    </ClInclude>
    <ClInclude Include="CgProcess.h">
      <Filter>헤더 파일</Filter>
    </ClInclude>
    <ClInclude Include="CgProject.h">
      <Filter>헤더 파일</Filter>
    </ClInclude>
    <ClInclude Include="CircleFitting.h">
      <Filter>헤더 파일</Filter>
    </ClInclude>
    <ClInclude Include="Connect.h">
      <Filter>헤더 파일</Filter>
    </ClInclude>
    <ClInclude Include="CpuUsage.h">
      <Filter>헤더 파일</Filter>
    </ClInclude>
    <ClInclude Include="cttext.h">
      <Filter>헤더 파일</Filter>
    </ClInclude>
    <ClInclude Include="DefineDllFunctionPoint.h">
      <Filter>헤더 파일</Filter>
    </ClInclude>
    <ClInclude Include="DlgAiView.h">
      <Filter>헤더 파일</Filter>
    </ClInclude>
    <ClInclude Include="DlgCode.h">
      <Filter>헤더 파일</Filter>
    </ClInclude>
    <ClInclude Include="DlgSet.h">
      <Filter>헤더 파일</Filter>
    </ClInclude>
    <ClInclude Include="DrawBadState.h">
      <Filter>헤더 파일</Filter>
    </ClInclude>
    <ClInclude Include="EGIOT.h">
      <Filter>헤더 파일</Filter>
    </ClInclude>
    <ClInclude Include="Fchain.h">
      <Filter>헤더 파일</Filter>
    </ClInclude>
    <ClInclude Include="FchainDll.h">
      <Filter>헤더 파일</Filter>
    </ClInclude>
    <ClInclude Include="FindCircle.h">
      <Filter>헤더 파일</Filter>
    </ClInclude>
    <ClInclude Include="FlyCapture2_EX.h">
      <Filter>헤더 파일</Filter>
    </ClInclude>
    <ClInclude Include="FlyCapture2_EXDlg.h">
      <Filter>헤더 파일</Filter>
    </ClInclude>
    <ClInclude Include="font.h">
      <Filter>헤더 파일</Filter>
    </ClInclude>
    <ClInclude Include="FormTab1.h">
      <Filter>헤더 파일</Filter>
    </ClInclude>
    <ClInclude Include="FormTab2.h">
      <Filter>헤더 파일</Filter>
    </ClInclude>
    <ClInclude Include="FormTab3.h">
      <Filter>헤더 파일</Filter>
    </ClInclude>
    <ClInclude Include="FormTab4.h">
      <Filter>헤더 파일</Filter>
    </ClInclude>
    <ClInclude Include="FormTab5.h">
      <Filter>헤더 파일</Filter>
    </ClInclude>
    <ClInclude Include="GigECamera.h">
      <Filter>헤더 파일</Filter>
    </ClInclude>
    <ClInclude Include="ImageFormat.h">
      <Filter>헤더 파일</Filter>
    </ClInclude>
    <ClInclude Include="ImagePixel.h">
      <Filter>헤더 파일</Filter>
    </ClInclude>
    <ClInclude Include="Img.h">
      <Filter>헤더 파일</Filter>
    </ClInclude>
    <ClInclude Include="ini.h">
      <Filter>헤더 파일</Filter>
    </ClInclude>
    <ClInclude Include="JCONFIG.H">
      <Filter>헤더 파일</Filter>
    </ClInclude>
    <ClInclude Include="JMORECFG.H">
      <Filter>헤더 파일</Filter>
    </ClInclude>
    <ClInclude Include="JPEGLIB.H">
      <Filter>헤더 파일</Filter>
    </ClInclude>
    <ClInclude Include="json\json-forwards.h">
      <Filter>헤더 파일</Filter>
    </ClInclude>
    <ClInclude Include="json\json.h">
      <Filter>헤더 파일</Filter>
    </ClInclude>
    <ClInclude Include="Label1.h">
      <Filter>헤더 파일</Filter>
    </ClInclude>
    <ClInclude Include="LightCtrlComm.h">
      <Filter>헤더 파일</Filter>
    </ClInclude>
    <ClInclude Include="LightMap.h">
      <Filter>헤더 파일</Filter>
    </ClInclude>
    <ClInclude Include="LoadVTECSDll.h">
      <Filter>헤더 파일</Filter>
    </ClInclude>
    <ClInclude Include="MemDC.h">
      <Filter>헤더 파일</Filter>
    </ClInclude>
    <ClInclude Include="ModelCount.h">
      <Filter>헤더 파일</Filter>
    </ClInclude>
    <ClInclude Include="..\..\[단면02]표리반전_Lightcontrol - 복사본\FlyCapture2_EX\NeProtocol.h">
      <Filter>헤더 파일</Filter>
    </ClInclude>
    <ClInclude Include="PassWord.h">
      <Filter>헤더 파일</Filter>
    </ClInclude>
    <ClInclude Include="PatMat.h">
      <Filter>헤더 파일</Filter>
    </ClInclude>
    <ClInclude Include="PerfCounters.h">
      <Filter>헤더 파일</Filter>
    </ClInclude>
    <ClInclude Include="picture.h">
      <Filter>헤더 파일</Filter>
    </ClInclude>
    <ClInclude Include="Resource.h">
      <Filter>헤더 파일</Filter>
    </ClInclude>
    <ClInclude Include="SimpleIUnknown.h">
      <Filter>헤더 파일</Filter>
    </ClInclude>
    <ClInclude Include="SocCom.h">
      <Filter>헤더 파일</Filter>
    </ClInclude>
    <ClInclude Include="SocServer.h">
      <Filter>헤더 파일</Filter>
    </ClInclude>
    <ClInclude Include="SocService.h">
      <Filter>헤더 파일</Filter>
    </ClInclude>
    <ClInclude Include="stdafx.h">
      <Filter>헤더 파일</Filter>
    </ClInclude>
    <ClInclude Include="WeakWeldDlg.h">
      <Filter>헤더 파일</Filter>
    </ClInclude>
    <ClInclude Include="..\..\[단면02]표리반전_Lightcontrol - 복사본\FlyCapture2_EX\WinSerial.h">
      <Filter>헤더 파일</Filter>
    </ClInclude>
    <ClInclude Include="define.h">
      <Filter>헤더 파일</Filter>
    </ClInclude>
    <ClInclude Include="turbojpeg.h">
      <Filter>헤더 파일</Filter>
    </ClInclude>
  </ItemGroup>
  <ItemGroup>
    <Image Include="..\..\..\..\..\1.bmp">
      <Filter>리소스 파일</Filter>
    </Image>
    <Image Include="bmp\1.bmp">
      <Filter>리소스 파일</Filter>
    </Image>
    <Image Include="bmp\2.bmp">
      <Filter>리소스 파일</Filter>
    </Image>
    <Image Include="bmp\BTN_exit_1.bmp">
      <Filter>리소스 파일</Filter>
    </Image>
    <Image Include="bmp\BTN_exit_2.bmp">
      <Filter>리소스 파일</Filter>
    </Image>
    <Image Include="bmp\BTN_folding_1.bmp">
      <Filter>리소스 파일</Filter>
    </Image>
    <Image Include="bmp\BTN_folding_2.bmp">
      <Filter>리소스 파일</Filter>
    </Image>
    <Image Include="bmp\BTN_histogram.bmp">
      <Filter>리소스 파일</Filter>
    </Image>
    <Image Include="bmp\BTN_image.bmp">
      <Filter>리소스 파일</Filter>
    </Image>
    <Image Include="bmp\BTN_imagesave.bmp">
      <Filter>리소스 파일</Filter>
    </Image>
    <Image Include="bmp\BTN_model_1.bmp">
      <Filter>리소스 파일</Filter>
    </Image>
    <Image Include="bmp\BTN_model_2.bmp">
      <Filter>리소스 파일</Filter>
    </Image>
    <Image Include="bmp\BTN_Reset.bmp">
      <Filter>리소스 파일</Filter>
    </Image>
    <Image Include="bmp\BTN_reset_1.bmp">
      <Filter>리소스 파일</Filter>
    </Image>
    <Image Include="bmp\BTN_reset_2.bmp">
      <Filter>리소스 파일</Filter>
    </Image>
    <Image Include="bmp\BTN_setting_1.bmp">
      <Filter>리소스 파일</Filter>
    </Image>
    <Image Include="bmp\BTN_setting_2.bmp">
      <Filter>리소스 파일</Filter>
    </Image>
    <Image Include="bmp\BTN_start_1.bmp">
      <Filter>리소스 파일</Filter>
    </Image>
    <Image Include="bmp\BTN_start_2.bmp">
      <Filter>리소스 파일</Filter>
    </Image>
    <Image Include="bmp\BTN_stop_1.bmp">
      <Filter>리소스 파일</Filter>
    </Image>
    <Image Include="bmp\BTN_stop_2.bmp">
      <Filter>리소스 파일</Filter>
    </Image>
    <Image Include="bmp\BTN_배출상태_1.bmp">
      <Filter>리소스 파일</Filter>
    </Image>
    <Image Include="bmp\BTN_배출상태_2.bmp">
      <Filter>리소스 파일</Filter>
    </Image>
    <Image Include="bmp\BTN_배출정지_1.bmp">
      <Filter>리소스 파일</Filter>
    </Image>
    <Image Include="bmp\BTN_배출정지_2.bmp">
      <Filter>리소스 파일</Filter>
    </Image>
    <Image Include="res\FlyCapture2_EX.ico">
      <Filter>리소스 파일</Filter>
    </Image>
    <Image Include="bmp\LOGO.bmp">
      <Filter>리소스 파일</Filter>
    </Image>
    <Image Include="bmp\검사시작.bmp">
      <Filter>리소스 파일</Filter>
    </Image>
    <Image Include="bmp\모델.bmp">
      <Filter>리소스 파일</Filter>
    </Image>
    <Image Include="bmp\종료.bmp">
      <Filter>리소스 파일</Filter>
    </Image>
    <Image Include="bmp\환경설정.bmp">
      <Filter>리소스 파일</Filter>
    </Image>
  </ItemGroup>
  <ItemGroup>
    <ResourceCompile Include="FlyCapture2_EX.rc">
      <Filter>리소스 파일</Filter>
    </ResourceCompile>
  </ItemGroup>
  <ItemGroup>
    <None Include="res\FlyCapture2_EX.rc2">
      <Filter>리소스 파일</Filter>
    </None>
    <None Include="AXL.dll" />
    <None Include="DlgBarcode.htm" />
  </ItemGroup>
  <ItemGroup>
    <Library Include="AXL.lib" />
    <Library Include="AXTLIB.lib" />
    <Library Include="EGIOT.lib" />
    <Library Include="FChainDLL.lib" />
    <Library Include="Jpeg.lib" />
    <Library Include="Mil.lib" />
    <Library Include="NeSerial.lib" />
    <Library Include="WS2_32.LIB" />
  </ItemGroup>
  <ItemGroup>
    <Text Include="ReadMe.txt" />
  </ItemGroup>
</Project>